{
  "version": "4",
  "specifiers": {
    "npm:jose@6.2.12": "6.2.12",
    "npm:postgres@3.4.9": "3.4.9"
  },
  "npm": {
    "jose@6.2.12": {
      "integrity": "sha512-9NiFmJEex0sy2Dk58j2UGBSHgUs2ypF9eZSu4L6vjOX3Dp96Sw1F3uL+H+D1sx02jZZdzUT0HgvCy59CuvXcWw=="
    },
    "postgres@3.4.9": {
      "integrity": "sha512-GD3qdB0x1z9xgFI6cdRD6xu2Sp2WCOEoe3mtnyB5Ee0XrrL5Pe+e4CCnJrRMnL1zYtRDZmQQVbvOttLnKDLnaw=="
    }
  },
  "workspace": {
    "dependencies": [
      "npm:jose@6.2.12",
      "npm:postgres@3.4.9"
    ]
  }
}
